
Microsoft Visual Studio Solution File, Format Version 12.00
# Visual Studio Version 17
VisualStudioVersion = 17.0.31903.59
MinimumVisualStudioVersion = 10.0.40219.1
Project("{FAE04EC0-301F-11D3-BF4B-00C04F79EFBC}") = "Store.Domain", "Store.Domain\Store.Domain.csproj", "{08FAF6C3-6C0F-4D59-B23F-8B2F5E02F4AC}"
EndProject
Project("{FAE04EC0-301F-11D3-BF4B-00C04F79EFBC}") = "Store.Tests", "Store.Tests\Store.Tests.csproj", "{E5F04A45-C8CC-4436-9C57-2F692D861038}"
EndProject
Global
	GlobalSection(SolutionConfigurationPlatforms) = preSolution
		Debug|Any CPU = Debug|Any CPU
		Release|Any CPU = Release|Any CPU
	EndGlobalSection
	GlobalSection(SolutionProperties) = preSolution
		HideSolutionNode = FALSE
	EndGlobalSection
	GlobalSection(ProjectConfigurationPlatforms) = postSolution
		{08FAF6C3-6C0F-4D59-B23F-8B2F5E02F4AC}.Debug|Any CPU.ActiveCfg = Debug|Any CPU
		{08FAF6C3-6C0F-4D59-B23F-8B2F5E02F4AC}.Debug|Any CPU.Build.0 = Debug|Any CPU
		{08FAF6C3-6C0F-4D59-B23F-8B2F5E02F4AC}.Release|Any CPU.ActiveCfg = Release|Any CPU
		{08FAF6C3-6C0F-4D59-B23F-8B2F5E02F4AC}.Release|Any CPU.Build.0 = Release|Any CPU
		{E5F04A45-C8CC-4436-9C57-2F692D861038}.Debug|Any CPU.ActiveCfg = Debug|Any CPU
		{E5F04A45-C8CC-4436-9C57-2F692D861038}.Debug|Any CPU.Build.0 = Debug|Any CPU
		{E5F04A45-C8CC-4436-9C57-2F692D861038}.Release|Any CPU.ActiveCfg = Release|Any CPU
		{E5F04A45-C8CC-4436-9C57-2F692D861038}.Release|Any CPU.Build.0 = Release|Any CPU
	EndGlobalSection
EndGlobal
